schema: '2.0'
stages:
  generate_intent_phrases:
    cmd: python scripts/intent_prediction/01_generate_phrases.py
    deps:
    - path: scripts/intent_prediction/01_generate_phrases.py
      hash: md5
      md5: 4e1bccb749103a53a2ddd8783461c4b9
      size: 16341
    - path: scripts/intent_prediction/01_input_phrases.csv
      hash: md5
      md5: e51aa089ecca384f1de076f1cd1c043a
      size: 882
    outs:
    - path: data/intent_prediction/01_generate_phrases/training_data.csv
      hash: md5
      md5: b2389396a57cb3e1743a90d440f1f3f0
      size: 1109671
  generate_speech_samples:
    cmd: python scripts/speech_to_text/01_generate_speech_samples.py 
      --input-file 
      data/speech_to_text/01a_generate_speech_sample_variations/speech_sample_variations.csv
      --output-dir data/speech_to_text/01_generate_speech_samples
    deps:
    - path: 
        data/speech_to_text/01a_generate_speech_sample_variations/speech_sample_variations.csv
      hash: md5
      md5: d3f4698c650a97d4afb88033553e93d7
      size: 1125541
    - path: scripts/speech_to_text/01_generate_speech_samples.py
      hash: md5
      md5: 91ed903fe170194fcb57a5c4ce7b43f7
      size: 2024
    outs:
    - path: data/speech_to_text/01_generate_speech_samples
      hash: md5
      md5: 7418a82a4b988bc0b8400a875ed030c5.dir
      size: 129173184
      nfiles: 9418
  add_delays:
    cmd: python scripts/speech_to_text/02_add_delays.py --input-file 
      data/speech_to_text/02a_randomize_delay_variations/randomized_delay_variations.csv
      --output-dir data/speech_to_text/02_add_delays
    deps:
    - path: data/speech_to_text/01_generate_speech_samples
      hash: md5
      md5: 7418a82a4b988bc0b8400a875ed030c5.dir
      size: 129173184
      nfiles: 9418
    - path: 
        data/speech_to_text/02a_randomize_delay_variations/randomized_delay_variations.csv
      hash: md5
      md5: 4d4ab86a2f1c18bbf15d97bb3cb86794
      size: 1386718
    - path: scripts/speech_to_text/02_add_delays.py
      hash: md5
      md5: b3b64e5cf48d2a1333f8f79b4673269c
      size: 1789
    outs:
    - path: data/speech_to_text/02_add_delays
      hash: md5
      md5: afe55aab4ed0d399852ef4b53d3a6004.dir
      size: 1215817068
      nfiles: 9418
  add_noise:
    cmd: python .\ml\scripts\speech_to_text\04_add_microphone_noise.py
    deps:
    - path: .\ml\data\speech_to_text\03_add_background_noise\
      hash: md5
      md5: cf74edb8d91353c347a2543d8207cc0d.dir
      size: 2584542
      nfiles: 20
    - path: .\ml\scripts\speech_to_text\04_add_microphone_noise.py
      hash: md5
      md5: f84815e2570664eeb5f91b46abf0bcf7
      size: 1924
    outs:
    - path: .\ml\data\speech_to_text\04_add_microphone_noise\
      hash: md5
      md5: 15057a761839bfd352e6d70d6ba1a208.dir
      size: 2584542
      nfiles: 20
  add_background_noise:
    cmd: python scripts/speech_to_text/03_add_background_noise.py --input-dir 
      data/speech_to_text/02_add_delays --noise-dir 
      data/speech_to_text/03a_download_background_noise --output-dir 
      data/speech_to_text/03_add_background_noise
    deps:
    - path: data/speech_to_text/02_add_delays
      hash: md5
      md5: afe55aab4ed0d399852ef4b53d3a6004.dir
      size: 1215817068
      nfiles: 9418
    - path: data/speech_to_text/03a_download_background_noise
      hash: md5
      md5: 179e24549458b5a33140379d770da95d.dir
      size: 117845790
      nfiles: 5
    - path: scripts/speech_to_text/03_add_background_noise.py
      hash: md5
      md5: 5ef6902a56840100b5b88d6d9c5dda1c
      size: 3109
    outs:
    - path: data/speech_to_text/03_add_background_noise
      hash: md5
      md5: eaf71b45c23ec90dbfd77e55794ac1bc.dir
      size: 1215817068
      nfiles: 9418
  add_microphone_noise:
    cmd: python scripts/speech_to_text/04_add_microphone_noise.py --input-dir 
      data/speech_to_text/03_add_background_noise --output-dir 
      data/speech_to_text/04_add_microphone_noise
    deps:
    - path: data/speech_to_text/03_add_background_noise
      hash: md5
      md5: eaf71b45c23ec90dbfd77e55794ac1bc.dir
      size: 1215817068
      nfiles: 9418
    - path: scripts/speech_to_text/04_add_microphone_noise.py
      hash: md5
      md5: 35239ebc40b21fab29032f6f2832105c
      size: 2055
    outs:
    - path: data/speech_to_text/04_add_microphone_noise
      hash: md5
      md5: e381b0abcea8eb6e8e5b2ccecdba32a6.dir
      size: 1215817068
      nfiles: 9418
  create_zipped_sets:
    cmd: python .\ml\scripts\speech_to_text\05_create_zipped_sets.py
    deps:
    - path: .\ml\data\speech_to_text\01_generate_speech_samples\
      hash: md5
      md5: ac2b96405745c2c9b35f112b1ce15855.dir
      size: 2680272
      nfiles: 200
    - path: .\ml\data\speech_to_text\04_add_microphone_noise\
      hash: md5
      md5: d18b8fe475e019b01232bc688302ecea.dir
      size: 25520554
      nfiles: 200
    - path: .\ml\scripts\speech_to_text\05_create_zipped_sets.py
      hash: md5
      md5: bfaa31ff93b60874c65281cf9d5ad602
      size: 1757
    outs:
    - path: .\ml\data\speech_to_text\05_create_zipped_sets\
      hash: md5
      md5: df3f4e0539d52398b760c4bf1743f30a.dir
      size: 61539
      nfiles: 3
  05_create_set_manifests:
    cmd: python .\ml\scripts\speech_to_text\05_create_set_manifests.py
    deps:
    - path: .\ml\data\speech_to_text\01_generate_speech_samples\
      hash: md5
      md5: c7112131b48176db775eebd5fc316a38.dir
      size: 301536
      nfiles: 20
    - path: .\ml\data\speech_to_text\04_add_microphone_noise\
      hash: md5
      md5: 9e0a41a1cd2d094cb052a27005f7b414.dir
      size: 2637688
      nfiles: 20
    - path: .\ml\scripts\speech_to_text\05_create_set_manifests.py
      hash: md5
      md5: 658302695382e931722a3a0c94e438c8
      size: 2641
    outs:
    - path: .\ml\data\speech_to_text\05_create_set_manifests\
      hash: md5
      md5: fbf8d994a38244302db466c731d82c04.dir
      size: 5962
      nfiles: 3
  create_vocab_list:
    cmd: python scripts/speech_to_text/06_create_vocab_list.py --input-file 
      data/intent_prediction/01_generate_phrases/training_data.csv --output-file
      data/speech_to_text/06_create_vocab_list/vocab_list.txt
    deps:
    - path: data/intent_prediction/01_generate_phrases/training_data.csv
      hash: md5
      md5: b2389396a57cb3e1743a90d440f1f3f0
      size: 1109671
    - path: scripts/speech_to_text/06_create_vocab_list.py
      hash: md5
      md5: 1b75d62a497212e84e03f832201d9d9a
      size: 1057
    outs:
    - path: data/speech_to_text/06_create_vocab_list/vocab_list.txt
      hash: md5
      md5: 58ed1a5697c5005cb315e69e39275886
      size: 381
  compute_spectrograms:
    cmd: python scripts/speech_to_text/07_compute_spectrograms.py 
      --train-manifest 
      data/speech_to_text/05_create_set_manifests/train_manifest.csv 
      --eval-manifest 
      data/speech_to_text/05_create_set_manifests/val_manifest.csv 
      --test-manifest 
      data/speech_to_text/05_create_set_manifests/test_manifest.csv --output-dir
      data/speech_to_text/07_compute_spectrograms
    deps:
    - path: data/intent_prediction/02_compute_vocab/phoneme_list.txt
      hash: md5
      md5: d3f9e62628f2799709f7196e63c98024
      size: 128
    - path: data/speech_to_text/01_generate_speech_samples
      hash: md5
      md5: 7418a82a4b988bc0b8400a875ed030c5.dir
      size: 129173184
      nfiles: 9418
    - path: data/speech_to_text/04_add_microphone_noise
      hash: md5
      md5: e381b0abcea8eb6e8e5b2ccecdba32a6.dir
      size: 1215817068
      nfiles: 9418
    - path: data/speech_to_text/05_create_set_manifests
      hash: md5
      md5: 5d85651a8dc12c7a5494710342ccf4d8.dir
      size: 2750055
      nfiles: 3
    - path: scripts/speech_to_text/07_compute_spectrograms.py
      hash: md5
      md5: 8534c9a45b0d372a51117f8c9b60044f
      size: 2468
    outs:
    - path: data/speech_to_text/07_compute_spectrograms
      hash: md5
      md5: 58cb1887be637ca5f66cd69dd28b212b.dir
      size: 3992514432
      nfiles: 17319
  create_set_manifests:
    cmd: python scripts/speech_to_text/05_create_set_manifests.py 
      --input-manifest 
      data/intent_prediction/01_generate_phrases/training_data.csv --clean-dir 
      data/speech_to_text/01_generate_speech_samples --noisy-dir 
      data/speech_to_text/04_add_microphone_noise --output-dir 
      data/speech_to_text/05_create_set_manifests
    deps:
    - path: data/speech_to_text/01_generate_speech_samples
      hash: md5
      md5: 7418a82a4b988bc0b8400a875ed030c5.dir
      size: 129173184
      nfiles: 9418
    - path: data/speech_to_text/04_add_microphone_noise
      hash: md5
      md5: e381b0abcea8eb6e8e5b2ccecdba32a6.dir
      size: 1215817068
      nfiles: 9418
    - path: scripts/speech_to_text/05_create_set_manifests.py
      hash: md5
      md5: 2e084a9766afbf2f723ec5db7f1fb376
      size: 2872
    outs:
    - path: data/speech_to_text/05_create_set_manifests
      hash: md5
      md5: 5d85651a8dc12c7a5494710342ccf4d8.dir
      size: 2750055
      nfiles: 3
  download_noise_samples:
    cmd: python scripts/speech_to_text/03a_download_background_noise.py 
      --output-dir data/speech_to_text/03a_download_background_noise
    deps:
    - path: scripts/speech_to_text/03a_download_background_noise.py
      hash: md5
      md5: ba94436e971fe5e0345054292d32e653
      size: 1755
    outs:
    - path: data/speech_to_text/03a_download_background_noise
      hash: md5
      md5: 179e24549458b5a33140379d770da95d.dir
      size: 117845790
      nfiles: 5
  train_model:
    cmd: python scripts/speech_to_text/08_train_model.py --manifest 
      data/speech_to_text/05_create_set_manifests/train_manifest.csv --vocab 
      data/intent_prediction/02_compute_vocab/phoneme_list.txt --spectrogram-dir
      data/speech_to_text/07_compute_spectrograms --token-list-dir 
      data/speech_to_text/06_compute_token_lists --output-dir 
      data/speech_to_text/08_train_model
    deps:
    - path: data/intent_prediction/02_compute_vocab/phoneme_list.txt
      hash: md5
      md5: d3f9e62628f2799709f7196e63c98024
      size: 128
    - path: data/speech_to_text/05_create_set_manifests/train_manifest.csv
      hash: md5
      md5: 761fe781578c3e15221caec61f841d24
      size: 2199616
    - path: data/speech_to_text/07_compute_spectrograms
      hash: md5
      md5: 58cb1887be637ca5f66cd69dd28b212b.dir
      size: 3992514432
      nfiles: 17319
    - path: scripts/speech_to_text/08_train_model.py
      hash: md5
      md5: 59ec98f6b5cdb4d547c93a8a2ae5d5e7
      size: 4872
    outs:
    - path: data/speech_to_text/08_train_model
      hash: md5
      md5: 5acf0dbe99ce9d949765cdc84f0a0931.dir
      size: 72776447
      nfiles: 1
  generate_speech_sample_variations:
    cmd: python scripts/speech_to_text/01a_generate_speech_sample_variations.py 
      --input-file data/intent_prediction/01_generate_phrases/training_data.csv 
      --samples-dir data/speech_to_text/01_generate_speech_samples --output-file
      data/speech_to_text/01a_generate_speech_sample_variations/speech_sample_variations.csv
    deps:
    - path: data/intent_prediction/01_generate_phrases/training_data.csv
      hash: md5
      md5: b2389396a57cb3e1743a90d440f1f3f0
      size: 1109671
    - path: scripts/speech_to_text/01a_generate_speech_sample_variations.py
      hash: md5
      md5: 87dc3f4647047e5411f4e0fe873829d9
      size: 4108
    outs:
    - path: 
        data/speech_to_text/01a_generate_speech_sample_variations/speech_sample_variations.csv
      hash: md5
      md5: d3f4698c650a97d4afb88033553e93d7
      size: 1125541
  randomize_delay_variations:
    cmd: python scripts/speech_to_text/02a_randomize_delay_variations.py 
      --input-dir data/speech_to_text/01_generate_speech_samples --output-file 
      data/speech_to_text/02a_randomize_delay_variations/randomized_delay_variations.csv
    deps:
    - path: data/speech_to_text/01_generate_speech_samples
      hash: md5
      md5: 7418a82a4b988bc0b8400a875ed030c5.dir
      size: 129173184
      nfiles: 9418
    - path: scripts/speech_to_text/02a_randomize_delay_variations.py
      hash: md5
      md5: ceaed66b538181d7db71e5a530262663
      size: 1836
    outs:
    - path: 
        data/speech_to_text/02a_randomize_delay_variations/randomized_delay_variations.csv
      hash: md5
      md5: 4d4ab86a2f1c18bbf15d97bb3cb86794
      size: 1386718
  evaluate_model:
    cmd: python scripts/speech_to_text/09_evaluate_model.py --manifest 
      data/speech_to_text/05_create_set_manifests/val_manifest.csv --vocab 
      data/intent_prediction/02_compute_vocab/phoneme_list.txt --model 
      data/speech_to_text/08_train_model/speech_to_text_model.keras 
      --spectrogram-dir data/speech_to_text/07_compute_spectrograms 
      --token-list-dir data/speech_to_text/06_compute_token_lists --output-dir 
      data/speech_to_text/09_evaluate_model
    deps:
    - path: data/intent_prediction/02_compute_vocab/phoneme_list.txt
      hash: md5
      md5: d3f9e62628f2799709f7196e63c98024
      size: 128
    - path: data/speech_to_text/05_create_set_manifests/val_manifest.csv
      hash: md5
      md5: f980e18ef8b574e15bb0390595177332
      size: 274441
    - path: data/speech_to_text/06_compute_token_lists
      hash: md5
      md5: dcc59509c8dad9a9d7cd2db41eb47049.dir
      size: 3012313
      nfiles: 17319
    - path: data/speech_to_text/07_compute_spectrograms
      hash: md5
      md5: 58cb1887be637ca5f66cd69dd28b212b.dir
      size: 3992514432
      nfiles: 17319
    - path: data/speech_to_text/08_train_model/speech_to_text_model.keras
      hash: md5
      md5: fbf6e68a72f267161ef7138d24be518e
      size: 72776447
    - path: scripts/speech_to_text/09_evaluate_model.py
      hash: md5
      md5: 6475c1ecdabc698288c0c133ee48eae7
      size: 4440
    outs:
    - path: data/speech_to_text/09_evaluate_model
      hash: md5
      md5: 9a80f265fe6be73728e216063c381d3a.dir
      size: 127113
      nfiles: 1
  evaluate_test_samples:
    cmd: python scripts/speech_to_text/10_evaluate_test_samples.py --manifest 
      data/speech_to_text/05_create_set_manifests/test_manifest.csv --vocab 
      data/intent_prediction/02_compute_vocab/phoneme_list.txt --model 
      data/speech_to_text/08_train_model/speech_to_text_model.keras 
      --spectrogram-dir data/speech_to_text/07_compute_spectrograms 
      --token-list-dir data/speech_to_text/06_compute_token_lists --output-zip 
      data/speech_to_text/10_evaluate_test_samples/test_samples.zip
    deps:
    - path: data/intent_prediction/02_compute_vocab/phoneme_list.txt
      hash: md5
      md5: d3f9e62628f2799709f7196e63c98024
      size: 128
    - path: data/speech_to_text/05_create_set_manifests/test_manifest.csv
      hash: md5
      md5: 55be9f05826db63580c23b68ac95ba71
      size: 275998
    - path: data/speech_to_text/06_compute_token_lists
      hash: md5
      md5: dcc59509c8dad9a9d7cd2db41eb47049.dir
      size: 3012313
      nfiles: 17319
    - path: data/speech_to_text/07_compute_spectrograms
      hash: md5
      md5: 58cb1887be637ca5f66cd69dd28b212b.dir
      size: 3992514432
      nfiles: 17319
    - path: data/speech_to_text/08_train_model/speech_to_text_model.keras
      hash: md5
      md5: fbf6e68a72f267161ef7138d24be518e
      size: 72776447
    - path: scripts/speech_to_text/10_evaluate_test_samples.py
      hash: md5
      md5: 799af00d679a8fda3a70b8acab47d234
      size: 4043
    outs:
    - path: data/speech_to_text/10_evaluate_test_samples/test_samples.zip
      hash: md5
      md5: c76ace14abc79e73bb0a6d4d1c28210e
      size: 462642
  download_phoneme_dictionary:
    cmd: python scripts/intent_prediction/02a_download_phoneme_dictionary.py 
      --output-dir data/intent_prediction/02a_download_phoneme_dictionary
    deps:
    - path: scripts/intent_prediction/02a_download_phoneme_dictionary.py
      hash: md5
      md5: 9139babb2ed1d7e20e9d872ad4e489fa
      size: 1294
    outs:
    - path: data/intent_prediction/02a_download_phoneme_dictionary
      hash: md5
      md5: 7f611dbd557e8d9909fb2b433972e7f7.dir
      size: 3717096
      nfiles: 2
  compute_intent_vocab:
    cmd: python scripts/intent_prediction/02_compute_vocab.py 
      --phoneme-dictionary-dir 
      data/intent_prediction/02a_download_phoneme_dictionary 
      --training-data-file 
      data/intent_prediction/01_generate_phrases/training_data.csv --output-dir 
      data/intent_prediction/02_compute_vocab
    deps:
    - path: data/intent_prediction/01_generate_phrases/training_data.csv
      hash: md5
      md5: b2389396a57cb3e1743a90d440f1f3f0
      size: 1109671
    - path: data/intent_prediction/02a_download_phoneme_dictionary
      hash: md5
      md5: 7f611dbd557e8d9909fb2b433972e7f7.dir
      size: 3717096
      nfiles: 2
    - path: scripts/intent_prediction/02_compute_vocab.py
      hash: md5
      md5: 01080d1e71c108ff25c87d73291e4db3
      size: 4539
    outs:
    - path: data/intent_prediction/02_compute_vocab
      hash: md5
      md5: 7980382ea2c6ff94e890ec91376028a2.dir
      size: 11488
      nfiles: 3
  compute_token_lists:
    cmd: python scripts/speech_to_text/06_compute_token_lists.py 
      --train-manifest 
      data/speech_to_text/05_create_set_manifests/train_manifest.csv 
      --eval-manifest 
      data/speech_to_text/05_create_set_manifests/val_manifest.csv 
      --test-manifest 
      data/speech_to_text/05_create_set_manifests/test_manifest.csv 
      --phoneme-list data/intent_prediction/02_compute_vocab/phoneme_list.txt 
      --words-to-phonemes 
      data/intent_prediction/02_compute_vocab/words_to_phonemes.json 
      --output-dir data/speech_to_text/06_compute_token_lists
    deps:
    - path: data/intent_prediction/02_compute_vocab/phoneme_list.txt
      hash: md5
      md5: d3f9e62628f2799709f7196e63c98024
      size: 128
    - path: data/intent_prediction/02_compute_vocab/words_to_phonemes.json
      hash: md5
      md5: 865c912a5676309516c081007c52f5b5
      size: 3942
    - path: data/speech_to_text/05_create_set_manifests/test_manifest.csv
      hash: md5
      md5: 55be9f05826db63580c23b68ac95ba71
      size: 275998
    - path: data/speech_to_text/05_create_set_manifests/train_manifest.csv
      hash: md5
      md5: 761fe781578c3e15221caec61f841d24
      size: 2199616
    - path: data/speech_to_text/05_create_set_manifests/val_manifest.csv
      hash: md5
      md5: f980e18ef8b574e15bb0390595177332
      size: 274441
    - path: scripts/speech_to_text/06_compute_token_lists.py
      hash: md5
      md5: 10e85ea6b11883afe590fbfb932f8532
      size: 3045
    outs:
    - path: data/speech_to_text/06_compute_token_lists
      hash: md5
      md5: dcc59509c8dad9a9d7cd2db41eb47049.dir
      size: 3012313
      nfiles: 17319
