
Microsoft Visual Studio Solution File, Format Version 12.00
# Visual Studio Version 18
VisualStudioVersion = 18.0.11217.181
MinimumVisualStudioVersion = 10.0.40219.1
Project("{FAE04EC0-301F-11D3-BF4B-00C04F79EFBC}") = "AdaptiveRemote.App", "src\AdaptiveRemote.App\AdaptiveRemote.App.csproj", "{6C7C380B-D7A4-412E-8487-2AFC89EA802F}"
EndProject
Project("{FAE04EC0-301F-11D3-BF4B-00C04F79EFBC}") = "AdaptiveRemote.Contracts", "src\AdaptiveRemote.Contracts\AdaptiveRemote.Contracts.csproj", "{F81FEF3B-DB7A-4C04-9DF0-72E98382097A}"
EndProject
Project("{9A19103F-16F7-4668-BE54-9A1E7A4F7556}") = "AdaptiveRemote", "src\AdaptiveRemote\AdaptiveRemote.csproj", "{7BE31162-0D09-4F80-8CE5-978F7AECC1EF}"
EndProject
Project("{FAE04EC0-301F-11D3-BF4B-00C04F79EFBC}") = "AdaptiveRemote.Console", "src\AdaptiveRemote.Console\AdaptiveRemote.Console.csproj", "{345B73FC-07F9-490F-B566-2677D10B1834}"
EndProject
Project("{9A19103F-16F7-4668-BE54-9A1E7A4F7556}") = "AdaptiveRemote.App.Tests", "test\AdaptiveRemote.App.Tests\AdaptiveRemote.App.Tests.csproj", "{99181C45-EACC-45CE-87B3-20A4AA28E793}"
EndProject
Project("{2150E333-8FDC-42A3-9474-1A3956D46DE8}") = "Solution Items", "Solution Items", "{02EA681E-C7D8-13C7-8484-4AC65E1B71E8}"
	ProjectSection(SolutionItems) = preProject
		.editorconfig = .editorconfig
		CONTRIBUTING.md = CONTRIBUTING.md
		.github\copilot-instructions.md = .github\copilot-instructions.md
		Directory.Build.props = Directory.Build.props
		README.md = README.md
	EndProjectSection
EndProject
Project("{FAE04EC0-301F-11D3-BF4B-00C04F79EFBC}") = "AdaptiveRemote.Speech.Tests", "test\AdaptiveRemote.Speech.Tests\AdaptiveRemote.Speech.Tests.csproj", "{F00FC7B3-D7EA-4F1A-B8CE-9051E1611D96}"
EndProject
Project("{FAE04EC0-301F-11D3-BF4B-00C04F79EFBC}") = "AdaptiveRemote.EndtoEndTests.TestServices", "test\AdaptiveRemote.EndtoEndTests.TestServices\AdaptiveRemote.EndtoEndTests.TestServices.csproj", "{15FFBE24-2B51-47E3-BCF8-0C90B8D85D7F}"
EndProject
Project("{FAE04EC0-301F-11D3-BF4B-00C04F79EFBC}") = "AdaptiveRemote.Headless", "src\AdaptiveRemote.Headless\AdaptiveRemote.Headless.csproj", "{DFDFAF20-596C-4E2F-9558-8B38F2B7166D}"
EndProject
Project("{2150E333-8FDC-42A3-9474-1A3956D46DE8}") = "Hosts", "Hosts", "{86570B98-D957-400A-9BE5-035C0FD8C931}"
EndProject
Project("{2150E333-8FDC-42A3-9474-1A3956D46DE8}") = "EndToEndTests", "EndToEndTests", "{CC3DAD92-6D91-40F5-B57A-C5620CF4F1C7}"
	ProjectSection(SolutionItems) = preProject
		test\_doc_EndToEndTests.md = test\_doc_EndToEndTests.md
	EndProjectSection
EndProject
Project("{2150E333-8FDC-42A3-9474-1A3956D46DE8}") = "Workflows", "Workflows", "{A44C43DB-6BB2-4AFD-867C-B7C8DBC1206F}"
	ProjectSection(SolutionItems) = preProject
		.github\workflows\build-and-test.yml = .github\workflows\build-and-test.yml
	EndProjectSection
EndProject
Project("{FAE04EC0-301F-11D3-BF4B-00C04F79EFBC}") = "AdaptiveRemote.EndToEndTests.Host.Console", "test\AdaptiveRemote.EndtoEndTests.Host.Console\AdaptiveRemote.EndToEndTests.Host.Console.csproj", "{380E467A-61F6-4FEA-A852-1796B4F256AA}"
EndProject
Project("{FAE04EC0-301F-11D3-BF4B-00C04F79EFBC}") = "AdaptiveRemote.EndToEndTests.Steps", "test\AdaptiveRemote.EndToEndTests.Steps\AdaptiveRemote.EndToEndTests.Steps.csproj", "{72062D2E-6FDF-42F8-8360-98130E2A9861}"
EndProject
Project("{FAE04EC0-301F-11D3-BF4B-00C04F79EFBC}") = "AdaptiveRemote.EndToEndTests.Host.Headless", "test\AdaptiveRemote.EndToEndTests.Host.Headless\AdaptiveRemote.EndToEndTests.Host.Headless.csproj", "{F631ED02-DB0B-4CE4-8462-89BA239AFB3A}"
EndProject
Project("{FAE04EC0-301F-11D3-BF4B-00C04F79EFBC}") = "AdaptiveRemote.EndToEndTests.Host.Wpf", "test\AdaptiveRemote.EndToEndTests.Host.Wpf\AdaptiveRemote.EndToEndTests.Host.Wpf.csproj", "{54522D5A-CEB3-F5B9-2654-1005EF1C3262}"
EndProject
Project("{2150E333-8FDC-42A3-9474-1A3956D46DE8}") = "src", "src", "{827E0CD3-B72D-47B6-A68D-7590B98EB39B}"
EndProject
Project("{FAE04EC0-301F-11D3-BF4B-00C04F79EFBC}") = "AdaptiveRemote.Backend.CompiledLayoutService", "src\AdaptiveRemote.Backend.CompiledLayoutService\AdaptiveRemote.Backend.CompiledLayoutService.csproj", "{ADEA7AD3-C614-4280-A6BA-DE412C4D6FBF}"
EndProject
Project("{2150E333-8FDC-42A3-9474-1A3956D46DE8}") = "test", "test", "{0C88DD14-F956-CE84-757C-A364CCF449FC}"
EndProject
Project("{FAE04EC0-301F-11D3-BF4B-00C04F79EFBC}") = "AdaptiveRemote.Backend.ApiTests", "test\AdaptiveRemote.Backend.ApiTests\AdaptiveRemote.Backend.ApiTests.csproj", "{E581823B-8EA9-4C54-A05E-859632CE1B78}"
EndProject
Project("{FAE04EC0-301F-11D3-BF4B-00C04F79EFBC}") = "AdaptiveRemote.Backend.RawLayoutService", "src\AdaptiveRemote.Backend.RawLayoutService\AdaptiveRemote.Backend.RawLayoutService.csproj", "{B1B7B3E8-A43B-4BB6-828D-226E06AA0EAD}"
EndProject
Global
	GlobalSection(SolutionConfigurationPlatforms) = preSolution
		Debug|Any CPU = Debug|Any CPU
		Debug|x64 = Debug|x64
		Debug|x86 = Debug|x86
		Release|Any CPU = Release|Any CPU
		Release|x64 = Release|x64
		Release|x86 = Release|x86
	EndGlobalSection
	GlobalSection(ProjectConfigurationPlatforms) = postSolution
		{6C7C380B-D7A4-412E-8487-2AFC89EA802F}.Debug|Any CPU.ActiveCfg = Debug|Any CPU
		{6C7C380B-D7A4-412E-8487-2AFC89EA802F}.Debug|Any CPU.Build.0 = Debug|Any CPU
		{6C7C380B-D7A4-412E-8487-2AFC89EA802F}.Debug|x64.ActiveCfg = Debug|Any CPU
		{6C7C380B-D7A4-412E-8487-2AFC89EA802F}.Debug|x64.Build.0 = Debug|Any CPU
		{6C7C380B-D7A4-412E-8487-2AFC89EA802F}.Debug|x86.ActiveCfg = Debug|Any CPU
		{6C7C380B-D7A4-412E-8487-2AFC89EA802F}.Debug|x86.Build.0 = Debug|Any CPU
		{6C7C380B-D7A4-412E-8487-2AFC89EA802F}.Release|Any CPU.ActiveCfg = Release|Any CPU
		{6C7C380B-D7A4-412E-8487-2AFC89EA802F}.Release|Any CPU.Build.0 = Release|Any CPU
		{6C7C380B-D7A4-412E-8487-2AFC89EA802F}.Release|x64.ActiveCfg = Release|Any CPU
		{6C7C380B-D7A4-412E-8487-2AFC89EA802F}.Release|x64.Build.0 = Release|Any CPU
		{6C7C380B-D7A4-412E-8487-2AFC89EA802F}.Release|x86.ActiveCfg = Release|Any CPU
		{6C7C380B-D7A4-412E-8487-2AFC89EA802F}.Release|x86.Build.0 = Release|Any CPU
		{F81FEF3B-DB7A-4C04-9DF0-72E98382097A}.Debug|Any CPU.ActiveCfg = Debug|Any CPU
		{F81FEF3B-DB7A-4C04-9DF0-72E98382097A}.Debug|Any CPU.Build.0 = Debug|Any CPU
		{F81FEF3B-DB7A-4C04-9DF0-72E98382097A}.Debug|x64.ActiveCfg = Debug|Any CPU
		{F81FEF3B-DB7A-4C04-9DF0-72E98382097A}.Debug|x64.Build.0 = Debug|Any CPU
		{F81FEF3B-DB7A-4C04-9DF0-72E98382097A}.Debug|x86.ActiveCfg = Debug|Any CPU
		{F81FEF3B-DB7A-4C04-9DF0-72E98382097A}.Debug|x86.Build.0 = Debug|Any CPU
		{F81FEF3B-DB7A-4C04-9DF0-72E98382097A}.Release|Any CPU.ActiveCfg = Release|Any CPU
		{F81FEF3B-DB7A-4C04-9DF0-72E98382097A}.Release|Any CPU.Build.0 = Release|Any CPU
		{F81FEF3B-DB7A-4C04-9DF0-72E98382097A}.Release|x64.ActiveCfg = Release|Any CPU
		{F81FEF3B-DB7A-4C04-9DF0-72E98382097A}.Release|x64.Build.0 = Release|Any CPU
		{F81FEF3B-DB7A-4C04-9DF0-72E98382097A}.Release|x86.ActiveCfg = Release|Any CPU
		{F81FEF3B-DB7A-4C04-9DF0-72E98382097A}.Release|x86.Build.0 = Release|Any CPU
		{7BE31162-0D09-4F80-8CE5-978F7AECC1EF}.Debug|Any CPU.ActiveCfg = Debug|Any CPU
		{7BE31162-0D09-4F80-8CE5-978F7AECC1EF}.Debug|Any CPU.Build.0 = Debug|Any CPU
		{7BE31162-0D09-4F80-8CE5-978F7AECC1EF}.Debug|x64.ActiveCfg = Debug|Any CPU
		{7BE31162-0D09-4F80-8CE5-978F7AECC1EF}.Debug|x64.Build.0 = Debug|Any CPU
		{7BE31162-0D09-4F80-8CE5-978F7AECC1EF}.Debug|x86.ActiveCfg = Debug|Any CPU
		{7BE31162-0D09-4F80-8CE5-978F7AECC1EF}.Debug|x86.Build.0 = Debug|Any CPU
		{7BE31162-0D09-4F80-8CE5-978F7AECC1EF}.Release|Any CPU.ActiveCfg = Release|Any CPU
		{7BE31162-0D09-4F80-8CE5-978F7AECC1EF}.Release|Any CPU.Build.0 = Release|Any CPU
		{7BE31162-0D09-4F80-8CE5-978F7AECC1EF}.Release|x64.ActiveCfg = Release|Any CPU
		{7BE31162-0D09-4F80-8CE5-978F7AECC1EF}.Release|x64.Build.0 = Release|Any CPU
		{7BE31162-0D09-4F80-8CE5-978F7AECC1EF}.Release|x86.ActiveCfg = Release|Any CPU
		{7BE31162-0D09-4F80-8CE5-978F7AECC1EF}.Release|x86.Build.0 = Release|Any CPU
		{345B73FC-07F9-490F-B566-2677D10B1834}.Debug|Any CPU.ActiveCfg = Debug|Any CPU
		{345B73FC-07F9-490F-B566-2677D10B1834}.Debug|Any CPU.Build.0 = Debug|Any CPU
		{345B73FC-07F9-490F-B566-2677D10B1834}.Debug|x64.ActiveCfg = Debug|Any CPU
		{345B73FC-07F9-490F-B566-2677D10B1834}.Debug|x64.Build.0 = Debug|Any CPU
		{345B73FC-07F9-490F-B566-2677D10B1834}.Debug|x86.ActiveCfg = Debug|Any CPU
		{345B73FC-07F9-490F-B566-2677D10B1834}.Debug|x86.Build.0 = Debug|Any CPU
		{345B73FC-07F9-490F-B566-2677D10B1834}.Release|Any CPU.ActiveCfg = Release|Any CPU
		{345B73FC-07F9-490F-B566-2677D10B1834}.Release|Any CPU.Build.0 = Release|Any CPU
		{345B73FC-07F9-490F-B566-2677D10B1834}.Release|x64.ActiveCfg = Release|Any CPU
		{345B73FC-07F9-490F-B566-2677D10B1834}.Release|x64.Build.0 = Release|Any CPU
		{345B73FC-07F9-490F-B566-2677D10B1834}.Release|x86.ActiveCfg = Release|Any CPU
		{345B73FC-07F9-490F-B566-2677D10B1834}.Release|x86.Build.0 = Release|Any CPU
		{99181C45-EACC-45CE-87B3-20A4AA28E793}.Debug|Any CPU.ActiveCfg = Debug|Any CPU
		{99181C45-EACC-45CE-87B3-20A4AA28E793}.Debug|Any CPU.Build.0 = Debug|Any CPU
		{99181C45-EACC-45CE-87B3-20A4AA28E793}.Debug|x64.ActiveCfg = Debug|Any CPU
		{99181C45-EACC-45CE-87B3-20A4AA28E793}.Debug|x64.Build.0 = Debug|Any CPU
		{99181C45-EACC-45CE-87B3-20A4AA28E793}.Debug|x86.ActiveCfg = Debug|Any CPU
		{99181C45-EACC-45CE-87B3-20A4AA28E793}.Debug|x86.Build.0 = Debug|Any CPU
		{99181C45-EACC-45CE-87B3-20A4AA28E793}.Release|Any CPU.ActiveCfg = Release|Any CPU
		{99181C45-EACC-45CE-87B3-20A4AA28E793}.Release|Any CPU.Build.0 = Release|Any CPU
		{99181C45-EACC-45CE-87B3-20A4AA28E793}.Release|x64.ActiveCfg = Release|Any CPU
		{99181C45-EACC-45CE-87B3-20A4AA28E793}.Release|x64.Build.0 = Release|Any CPU
		{99181C45-EACC-45CE-87B3-20A4AA28E793}.Release|x86.ActiveCfg = Release|Any CPU
		{99181C45-EACC-45CE-87B3-20A4AA28E793}.Release|x86.Build.0 = Release|Any CPU
		{F00FC7B3-D7EA-4F1A-B8CE-9051E1611D96}.Debug|Any CPU.ActiveCfg = Debug|Any CPU
		{F00FC7B3-D7EA-4F1A-B8CE-9051E1611D96}.Debug|Any CPU.Build.0 = Debug|Any CPU
		{F00FC7B3-D7EA-4F1A-B8CE-9051E1611D96}.Debug|x64.ActiveCfg = Debug|Any CPU
		{F00FC7B3-D7EA-4F1A-B8CE-9051E1611D96}.Debug|x64.Build.0 = Debug|Any CPU
		{F00FC7B3-D7EA-4F1A-B8CE-9051E1611D96}.Debug|x86.ActiveCfg = Debug|Any CPU
		{F00FC7B3-D7EA-4F1A-B8CE-9051E1611D96}.Debug|x86.Build.0 = Debug|Any CPU
		{F00FC7B3-D7EA-4F1A-B8CE-9051E1611D96}.Release|Any CPU.ActiveCfg = Release|Any CPU
		{F00FC7B3-D7EA-4F1A-B8CE-9051E1611D96}.Release|Any CPU.Build.0 = Release|Any CPU
		{F00FC7B3-D7EA-4F1A-B8CE-9051E1611D96}.Release|x64.ActiveCfg = Release|Any CPU
		{F00FC7B3-D7EA-4F1A-B8CE-9051E1611D96}.Release|x64.Build.0 = Release|Any CPU
		{F00FC7B3-D7EA-4F1A-B8CE-9051E1611D96}.Release|x86.ActiveCfg = Release|Any CPU
		{F00FC7B3-D7EA-4F1A-B8CE-9051E1611D96}.Release|x86.Build.0 = Release|Any CPU
		{15FFBE24-2B51-47E3-BCF8-0C90B8D85D7F}.Debug|Any CPU.ActiveCfg = Debug|Any CPU
		{15FFBE24-2B51-47E3-BCF8-0C90B8D85D7F}.Debug|Any CPU.Build.0 = Debug|Any CPU
		{15FFBE24-2B51-47E3-BCF8-0C90B8D85D7F}.Debug|x64.ActiveCfg = Debug|Any CPU
		{15FFBE24-2B51-47E3-BCF8-0C90B8D85D7F}.Debug|x64.Build.0 = Debug|Any CPU
		{15FFBE24-2B51-47E3-BCF8-0C90B8D85D7F}.Debug|x86.ActiveCfg = Debug|Any CPU
		{15FFBE24-2B51-47E3-BCF8-0C90B8D85D7F}.Debug|x86.Build.0 = Debug|Any CPU
		{15FFBE24-2B51-47E3-BCF8-0C90B8D85D7F}.Release|Any CPU.ActiveCfg = Release|Any CPU
		{15FFBE24-2B51-47E3-BCF8-0C90B8D85D7F}.Release|Any CPU.Build.0 = Release|Any CPU
		{15FFBE24-2B51-47E3-BCF8-0C90B8D85D7F}.Release|x64.ActiveCfg = Release|Any CPU
		{15FFBE24-2B51-47E3-BCF8-0C90B8D85D7F}.Release|x64.Build.0 = Release|Any CPU
		{15FFBE24-2B51-47E3-BCF8-0C90B8D85D7F}.Release|x86.ActiveCfg = Release|Any CPU
		{15FFBE24-2B51-47E3-BCF8-0C90B8D85D7F}.Release|x86.Build.0 = Release|Any CPU
		{DFDFAF20-596C-4E2F-9558-8B38F2B7166D}.Debug|Any CPU.ActiveCfg = Debug|Any CPU
		{DFDFAF20-596C-4E2F-9558-8B38F2B7166D}.Debug|Any CPU.Build.0 = Debug|Any CPU
		{DFDFAF20-596C-4E2F-9558-8B38F2B7166D}.Debug|x64.ActiveCfg = Debug|Any CPU
		{DFDFAF20-596C-4E2F-9558-8B38F2B7166D}.Debug|x64.Build.0 = Debug|Any CPU
		{DFDFAF20-596C-4E2F-9558-8B38F2B7166D}.Debug|x86.ActiveCfg = Debug|Any CPU
		{DFDFAF20-596C-4E2F-9558-8B38F2B7166D}.Debug|x86.Build.0 = Debug|Any CPU
		{DFDFAF20-596C-4E2F-9558-8B38F2B7166D}.Release|Any CPU.ActiveCfg = Release|Any CPU
		{DFDFAF20-596C-4E2F-9558-8B38F2B7166D}.Release|Any CPU.Build.0 = Release|Any CPU
		{DFDFAF20-596C-4E2F-9558-8B38F2B7166D}.Release|x64.ActiveCfg = Release|Any CPU
		{DFDFAF20-596C-4E2F-9558-8B38F2B7166D}.Release|x64.Build.0 = Release|Any CPU
		{DFDFAF20-596C-4E2F-9558-8B38F2B7166D}.Release|x86.ActiveCfg = Release|Any CPU
		{DFDFAF20-596C-4E2F-9558-8B38F2B7166D}.Release|x86.Build.0 = Release|Any CPU
		{380E467A-61F6-4FEA-A852-1796B4F256AA}.Debug|Any CPU.ActiveCfg = Debug|Any CPU
		{380E467A-61F6-4FEA-A852-1796B4F256AA}.Debug|Any CPU.Build.0 = Debug|Any CPU
		{380E467A-61F6-4FEA-A852-1796B4F256AA}.Debug|x64.ActiveCfg = Debug|Any CPU
		{380E467A-61F6-4FEA-A852-1796B4F256AA}.Debug|x64.Build.0 = Debug|Any CPU
		{380E467A-61F6-4FEA-A852-1796B4F256AA}.Debug|x86.ActiveCfg = Debug|Any CPU
		{380E467A-61F6-4FEA-A852-1796B4F256AA}.Debug|x86.Build.0 = Debug|Any CPU
		{380E467A-61F6-4FEA-A852-1796B4F256AA}.Release|Any CPU.ActiveCfg = Release|Any CPU
		{380E467A-61F6-4FEA-A852-1796B4F256AA}.Release|Any CPU.Build.0 = Release|Any CPU
		{380E467A-61F6-4FEA-A852-1796B4F256AA}.Release|x64.ActiveCfg = Release|Any CPU
		{380E467A-61F6-4FEA-A852-1796B4F256AA}.Release|x64.Build.0 = Release|Any CPU
		{380E467A-61F6-4FEA-A852-1796B4F256AA}.Release|x86.ActiveCfg = Release|Any CPU
		{380E467A-61F6-4FEA-A852-1796B4F256AA}.Release|x86.Build.0 = Release|Any CPU
		{72062D2E-6FDF-42F8-8360-98130E2A9861}.Debug|Any CPU.ActiveCfg = Debug|Any CPU
		{72062D2E-6FDF-42F8-8360-98130E2A9861}.Debug|Any CPU.Build.0 = Debug|Any CPU
		{72062D2E-6FDF-42F8-8360-98130E2A9861}.Debug|x64.ActiveCfg = Debug|Any CPU
		{72062D2E-6FDF-42F8-8360-98130E2A9861}.Debug|x64.Build.0 = Debug|Any CPU
		{72062D2E-6FDF-42F8-8360-98130E2A9861}.Debug|x86.ActiveCfg = Debug|Any CPU
		{72062D2E-6FDF-42F8-8360-98130E2A9861}.Debug|x86.Build.0 = Debug|Any CPU
		{72062D2E-6FDF-42F8-8360-98130E2A9861}.Release|Any CPU.ActiveCfg = Release|Any CPU
		{72062D2E-6FDF-42F8-8360-98130E2A9861}.Release|Any CPU.Build.0 = Release|Any CPU
		{72062D2E-6FDF-42F8-8360-98130E2A9861}.Release|x64.ActiveCfg = Release|Any CPU
		{72062D2E-6FDF-42F8-8360-98130E2A9861}.Release|x64.Build.0 = Release|Any CPU
		{72062D2E-6FDF-42F8-8360-98130E2A9861}.Release|x86.ActiveCfg = Release|Any CPU
		{72062D2E-6FDF-42F8-8360-98130E2A9861}.Release|x86.Build.0 = Release|Any CPU
		{F631ED02-DB0B-4CE4-8462-89BA239AFB3A}.Debug|Any CPU.ActiveCfg = Debug|Any CPU
		{F631ED02-DB0B-4CE4-8462-89BA239AFB3A}.Debug|Any CPU.Build.0 = Debug|Any CPU
		{F631ED02-DB0B-4CE4-8462-89BA239AFB3A}.Debug|x64.ActiveCfg = Debug|Any CPU
		{F631ED02-DB0B-4CE4-8462-89BA239AFB3A}.Debug|x64.Build.0 = Debug|Any CPU
		{F631ED02-DB0B-4CE4-8462-89BA239AFB3A}.Debug|x86.ActiveCfg = Debug|Any CPU
		{F631ED02-DB0B-4CE4-8462-89BA239AFB3A}.Debug|x86.Build.0 = Debug|Any CPU
		{F631ED02-DB0B-4CE4-8462-89BA239AFB3A}.Release|Any CPU.ActiveCfg = Release|Any CPU
		{F631ED02-DB0B-4CE4-8462-89BA239AFB3A}.Release|Any CPU.Build.0 = Release|Any CPU
		{F631ED02-DB0B-4CE4-8462-89BA239AFB3A}.Release|x64.ActiveCfg = Release|Any CPU
		{F631ED02-DB0B-4CE4-8462-89BA239AFB3A}.Release|x64.Build.0 = Release|Any CPU
		{F631ED02-DB0B-4CE4-8462-89BA239AFB3A}.Release|x86.ActiveCfg = Release|Any CPU
		{F631ED02-DB0B-4CE4-8462-89BA239AFB3A}.Release|x86.Build.0 = Release|Any CPU
		{54522D5A-CEB3-F5B9-2654-1005EF1C3262}.Debug|Any CPU.ActiveCfg = Debug|Any CPU
		{54522D5A-CEB3-F5B9-2654-1005EF1C3262}.Debug|Any CPU.Build.0 = Debug|Any CPU
		{54522D5A-CEB3-F5B9-2654-1005EF1C3262}.Debug|x64.ActiveCfg = Debug|Any CPU
		{54522D5A-CEB3-F5B9-2654-1005EF1C3262}.Debug|x64.Build.0 = Debug|Any CPU
		{54522D5A-CEB3-F5B9-2654-1005EF1C3262}.Debug|x86.ActiveCfg = Debug|Any CPU
		{54522D5A-CEB3-F5B9-2654-1005EF1C3262}.Debug|x86.Build.0 = Debug|Any CPU
		{54522D5A-CEB3-F5B9-2654-1005EF1C3262}.Release|Any CPU.ActiveCfg = Release|Any CPU
		{54522D5A-CEB3-F5B9-2654-1005EF1C3262}.Release|Any CPU.Build.0 = Release|Any CPU
		{54522D5A-CEB3-F5B9-2654-1005EF1C3262}.Release|x64.ActiveCfg = Release|Any CPU
		{54522D5A-CEB3-F5B9-2654-1005EF1C3262}.Release|x64.Build.0 = Release|Any CPU
		{54522D5A-CEB3-F5B9-2654-1005EF1C3262}.Release|x86.ActiveCfg = Release|Any CPU
		{54522D5A-CEB3-F5B9-2654-1005EF1C3262}.Release|x86.Build.0 = Release|Any CPU
		{ADEA7AD3-C614-4280-A6BA-DE412C4D6FBF}.Debug|Any CPU.ActiveCfg = Debug|Any CPU
		{ADEA7AD3-C614-4280-A6BA-DE412C4D6FBF}.Debug|Any CPU.Build.0 = Debug|Any CPU
		{ADEA7AD3-C614-4280-A6BA-DE412C4D6FBF}.Debug|x64.ActiveCfg = Debug|Any CPU
		{ADEA7AD3-C614-4280-A6BA-DE412C4D6FBF}.Debug|x64.Build.0 = Debug|Any CPU
		{ADEA7AD3-C614-4280-A6BA-DE412C4D6FBF}.Debug|x86.ActiveCfg = Debug|Any CPU
		{ADEA7AD3-C614-4280-A6BA-DE412C4D6FBF}.Debug|x86.Build.0 = Debug|Any CPU
		{ADEA7AD3-C614-4280-A6BA-DE412C4D6FBF}.Release|Any CPU.ActiveCfg = Release|Any CPU
		{ADEA7AD3-C614-4280-A6BA-DE412C4D6FBF}.Release|Any CPU.Build.0 = Release|Any CPU
		{ADEA7AD3-C614-4280-A6BA-DE412C4D6FBF}.Release|x64.ActiveCfg = Release|Any CPU
		{ADEA7AD3-C614-4280-A6BA-DE412C4D6FBF}.Release|x64.Build.0 = Release|Any CPU
		{ADEA7AD3-C614-4280-A6BA-DE412C4D6FBF}.Release|x86.ActiveCfg = Release|Any CPU
		{ADEA7AD3-C614-4280-A6BA-DE412C4D6FBF}.Release|x86.Build.0 = Release|Any CPU
		{E581823B-8EA9-4C54-A05E-859632CE1B78}.Debug|Any CPU.ActiveCfg = Debug|Any CPU
		{E581823B-8EA9-4C54-A05E-859632CE1B78}.Debug|Any CPU.Build.0 = Debug|Any CPU
		{E581823B-8EA9-4C54-A05E-859632CE1B78}.Debug|x64.ActiveCfg = Debug|Any CPU
		{E581823B-8EA9-4C54-A05E-859632CE1B78}.Debug|x64.Build.0 = Debug|Any CPU
		{E581823B-8EA9-4C54-A05E-859632CE1B78}.Debug|x86.ActiveCfg = Debug|Any CPU
		{E581823B-8EA9-4C54-A05E-859632CE1B78}.Debug|x86.Build.0 = Debug|Any CPU
		{E581823B-8EA9-4C54-A05E-859632CE1B78}.Release|Any CPU.ActiveCfg = Release|Any CPU
		{E581823B-8EA9-4C54-A05E-859632CE1B78}.Release|Any CPU.Build.0 = Release|Any CPU
		{E581823B-8EA9-4C54-A05E-859632CE1B78}.Release|x64.ActiveCfg = Release|Any CPU
		{E581823B-8EA9-4C54-A05E-859632CE1B78}.Release|x64.Build.0 = Release|Any CPU
		{E581823B-8EA9-4C54-A05E-859632CE1B78}.Release|x86.ActiveCfg = Release|Any CPU
		{E581823B-8EA9-4C54-A05E-859632CE1B78}.Release|x86.Build.0 = Release|Any CPU
		{B1B7B3E8-A43B-4BB6-828D-226E06AA0EAD}.Debug|Any CPU.ActiveCfg = Debug|Any CPU
		{B1B7B3E8-A43B-4BB6-828D-226E06AA0EAD}.Debug|Any CPU.Build.0 = Debug|Any CPU
		{B1B7B3E8-A43B-4BB6-828D-226E06AA0EAD}.Debug|x64.ActiveCfg = Debug|Any CPU
		{B1B7B3E8-A43B-4BB6-828D-226E06AA0EAD}.Debug|x64.Build.0 = Debug|Any CPU
		{B1B7B3E8-A43B-4BB6-828D-226E06AA0EAD}.Debug|x86.ActiveCfg = Debug|Any CPU
		{B1B7B3E8-A43B-4BB6-828D-226E06AA0EAD}.Debug|x86.Build.0 = Debug|Any CPU
		{B1B7B3E8-A43B-4BB6-828D-226E06AA0EAD}.Release|Any CPU.ActiveCfg = Release|Any CPU
		{B1B7B3E8-A43B-4BB6-828D-226E06AA0EAD}.Release|Any CPU.Build.0 = Release|Any CPU
		{B1B7B3E8-A43B-4BB6-828D-226E06AA0EAD}.Release|x64.ActiveCfg = Release|Any CPU
		{B1B7B3E8-A43B-4BB6-828D-226E06AA0EAD}.Release|x64.Build.0 = Release|Any CPU
		{B1B7B3E8-A43B-4BB6-828D-226E06AA0EAD}.Release|x86.ActiveCfg = Release|Any CPU
		{B1B7B3E8-A43B-4BB6-828D-226E06AA0EAD}.Release|x86.Build.0 = Release|Any CPU
	EndGlobalSection
	GlobalSection(SolutionProperties) = preSolution
		HideSolutionNode = FALSE
	EndGlobalSection
	GlobalSection(NestedProjects) = preSolution
		{7BE31162-0D09-4F80-8CE5-978F7AECC1EF} = {86570B98-D957-400A-9BE5-035C0FD8C931}
		{345B73FC-07F9-490F-B566-2677D10B1834} = {86570B98-D957-400A-9BE5-035C0FD8C931}
		{15FFBE24-2B51-47E3-BCF8-0C90B8D85D7F} = {CC3DAD92-6D91-40F5-B57A-C5620CF4F1C7}
		{DFDFAF20-596C-4E2F-9558-8B38F2B7166D} = {86570B98-D957-400A-9BE5-035C0FD8C931}
		{A44C43DB-6BB2-4AFD-867C-B7C8DBC1206F} = {02EA681E-C7D8-13C7-8484-4AC65E1B71E8}
		{380E467A-61F6-4FEA-A852-1796B4F256AA} = {CC3DAD92-6D91-40F5-B57A-C5620CF4F1C7}
		{72062D2E-6FDF-42F8-8360-98130E2A9861} = {CC3DAD92-6D91-40F5-B57A-C5620CF4F1C7}
		{F631ED02-DB0B-4CE4-8462-89BA239AFB3A} = {CC3DAD92-6D91-40F5-B57A-C5620CF4F1C7}
		{54522D5A-CEB3-F5B9-2654-1005EF1C3262} = {CC3DAD92-6D91-40F5-B57A-C5620CF4F1C7}
		{ADEA7AD3-C614-4280-A6BA-DE412C4D6FBF} = {827E0CD3-B72D-47B6-A68D-7590B98EB39B}
		{E581823B-8EA9-4C54-A05E-859632CE1B78} = {0C88DD14-F956-CE84-757C-A364CCF449FC}
		{B1B7B3E8-A43B-4BB6-828D-226E06AA0EAD} = {827E0CD3-B72D-47B6-A68D-7590B98EB39B}
	EndGlobalSection
	GlobalSection(ExtensibilityGlobals) = postSolution
		SolutionGuid = {556A11E4-2F89-4600-9831-8162F067EC3E}
	EndGlobalSection
EndGlobal
